
Microsoft Visual Studio Solution File, Format Version 12.00
# Visual Studio Version 17
VisualStudioVersion = 17.14.36518.9 d17.14
MinimumVisualStudioVersion = 10.0.40219.1
Project("{FAE04EC0-301F-11D3-BF4B-00C04F79EFBC}") = "Project_QLVangBacDaQuy", "Project_QLVangBacDaQuy\Project_QLVangBacDaQuy.csproj", "{C7286FA4-22B5-46C5-8CEA-EFD33A5AC9FF}"
EndProject
Global
	GlobalSection(SolutionConfigurationPlatforms) = preSolution
		Debug|Any CPU = Debug|Any CPU
		Release|Any CPU = Release|Any CPU
	EndGlobalSection
	GlobalSection(ProjectConfigurationPlatforms) = postSolution
		{C7286FA4-22B5-46C5-8CEA-EFD33A5AC9FF}.Debug|Any CPU.ActiveCfg = Debug|Any CPU
		{C7286FA4-22B5-46C5-8CEA-EFD33A5AC9FF}.Debug|Any CPU.Build.0 = Debug|Any CPU
		{C7286FA4-22B5-46C5-8CEA-EFD33A5AC9FF}.Release|Any CPU.ActiveCfg = Release|Any CPU
		{C7286FA4-22B5-46C5-8CEA-EFD33A5AC9FF}.Release|Any CPU.Build.0 = Release|Any CPU
	EndGlobalSection
	GlobalSection(SolutionProperties) = preSolution
		HideSolutionNode = FALSE
	EndGlobalSection
	GlobalSection(ExtensibilityGlobals) = postSolution
		SolutionGuid = {F9D91B14-4010-430C-B761-C0D7CD702F9E}
	EndGlobalSection
EndGlobal
